{
  "version": "5",
  "specifiers": {
    "npm:@midnight-ntwrk/compact-runtime@0.15.0": "0.15.0",
    "npm:@midnight-ntwrk/ledger-v8@8.0.3": "8.0.3",
    "npm:@midnight-ntwrk/midnight-js-contracts@4.0.1": "4.0.1",
    "npm:@midnight-ntwrk/midnight-js-network-id@4.0.1": "4.0.1",
    "npm:@midnight-ntwrk/midnight-js-node-zk-config-provider@4.0.1": "4.0.1",
    "npm:@midnight-ntwrk/wallet-sdk-address-format@3.1.0": "3.1.0"
  },
  "npm": {
    "@effect/platform@0.95.0_effect@3.21.0": {
      "integrity": "sha512-WDlRiWRSWlmhCPq09bvAofK0qr5vM4yNklXjoJdZHmugKRRTpN/Okn3ODnjgM/Kb/4hjMrRyrsUeH/Brieq7KA==",
      "dependencies": [
        "effect",
        "find-my-way-ts",
        "msgpackr",
        "multipasta"
      ]
    },
    "@midnight-ntwrk/compact-js@2.5.0_effect@3.21.0": {
      "integrity": "sha512-vCLbndc3GtSTjZE30NtNqINOrrjZ2O/m8q4jCVeyx9t+rTLwwFqGXUOYobKbM34rwfnTz95ZAI6vVixYnarfrA==",
      "dependencies": [
        "@effect/platform",
        "@midnight-ntwrk/compact-runtime",
        "@midnight-ntwrk/ledger-v8",
        "@midnight-ntwrk/platform-js",
        "effect",
        "tslib"
      ]
    },
    "@midnight-ntwrk/compact-runtime@0.15.0": {
      "integrity": "sha512-6+odrxb83ZZwF29SqNBBgaOR3hf5ej4KZVGibDwdXta9+uiv6qYW0fMrsKP9S+c2AqvY+vEb5NEFFI54lA7G5A==",
      "dependencies": [
        "@midnight-ntwrk/onchain-runtime-v3",
        "@types/object-inspect",
        "object-inspect"
      ]
    },
    "@midnight-ntwrk/ledger-v8@8.0.3": {
      "integrity": "sha512-2BLMfHnZyKAHZxaGWjlenhity096lZ9jvyp1qrQH5J3ogpy7H5ostCW8kRj70dGv5T55qDAC5nJ+wnU/8CGUcQ=="
    },
    "@midnight-ntwrk/midnight-js-contracts@4.0.1": {
      "integrity": "sha512-s8EHUFmuYIJN3VD0/T1fZUHw/bhAkDhTLS4P/BKWA/qgR9w6LrmaO/ENX0/g0MOpdAcDP90B5/+4ODYWVI3Khg==",
      "dependencies": [
        "@midnight-ntwrk/compact-js",
        "@midnight-ntwrk/midnight-js-network-id",
        "@midnight-ntwrk/midnight-js-types",
        "@midnight-ntwrk/midnight-js-utils"
      ]
    },
    "@midnight-ntwrk/midnight-js-network-id@4.0.1": {
      "integrity": "sha512-LSwKxoB7OWc6yjsCBQGv6Oj0xcxX3Hj/wq4ZY4dHsy6ghA8T1sNdDTHvMXjmWa1ToPT1HSQxPMM02tQovNerRA=="
    },
    "@midnight-ntwrk/midnight-js-node-zk-config-provider@4.0.1": {
      "integrity": "sha512-pO+R2rTHC17nD5xm4xJuxvAwCCQU5VZiejHI0Ianp5dCgL9Blz/Di6X8ZKGrKVkopDdiewh/HXry/gpfHTgnGg==",
      "dependencies": [
        "@midnight-ntwrk/midnight-js-types"
      ]
    },
    "@midnight-ntwrk/midnight-js-types@4.0.1": {
      "integrity": "sha512-S336JYsNImNgNfO0cRUjD+u+6sHCRYK95fNSAaSBiHAEtbQH9azd4oGFWaWsuu9HikqUjAfJvXM4s3b0JoxwNg==",
      "dependencies": [
        "@midnight-ntwrk/compact-js",
        "@midnight-ntwrk/platform-js",
        "rxjs"
      ]
    },
    "@midnight-ntwrk/midnight-js-utils@4.0.1": {
      "integrity": "sha512-y+7uUPEj4I+Dze5aqWx5LxZZl6Ed0vpuyTAu4oRnhz0sBvTZEnKzlPgy4Z8mEUgQWu4qSzekmRNQb0233iLUWA==",
      "dependencies": [
        "@midnight-ntwrk/midnight-js-network-id",
        "@scure/base"
      ]
    },
    "@midnight-ntwrk/onchain-runtime-v3@3.0.0": {
      "integrity": "sha512-HbFbUOsvgpEFy1OT0Ni2LMFk4jnMQS1em+H+Mof/B3DpnNKl0Lkx5QiulKOc6pyU4KPEagOqx4fYNyVXFwgZ7g=="
    },
    "@midnight-ntwrk/platform-js@2.2.4_effect@3.21.0": {
      "integrity": "sha512-6mrYKSSE8kPgn/5rQ2xofDJk1yAZZRdLOO6Yelweuh5GOnOGz7Qw4venDG/c4TRqtV9ouFp+F5j7ta8aprMinw==",
      "dependencies": [
        "@effect/platform",
        "effect",
        "tslib"
      ]
    },
    "@midnight-ntwrk/wallet-sdk-address-format@3.1.0": {
      "integrity": "sha512-X/MQnbyQQ1SoFVJrxhczkHza1SMJghp3Eo49nXXnHZw2qKUUmpiNa8Hx3MYFq36NXi3m3gsMH7rW0bilMFvdhw==",
      "dependencies": [
        "@midnight-ntwrk/ledger-v8",
        "@scure/base",
        "@subsquid/scale-codec"
      ]
    },
    "@msgpackr-extract/msgpackr-extract-darwin-arm64@3.0.3": {
      "integrity": "sha512-QZHtlVgbAdy2zAqNA9Gu1UpIuI8Xvsd1v8ic6B2pZmeFnFcMWiPLfWXh7TVw4eGEZ/C9TH281KwhVoeQUKbyjw==",
      "os": ["darwin"],
      "cpu": ["arm64"]
    },
    "@msgpackr-extract/msgpackr-extract-darwin-x64@3.0.3": {
      "integrity": "sha512-mdzd3AVzYKuUmiWOQ8GNhl64/IoFGol569zNRdkLReh6LRLHOXxU4U8eq0JwaD8iFHdVGqSy4IjFL4reoWCDFw==",
      "os": ["darwin"],
      "cpu": ["x64"]
    },
    "@msgpackr-extract/msgpackr-extract-linux-arm64@3.0.3": {
      "integrity": "sha512-YxQL+ax0XqBJDZiKimS2XQaf+2wDGVa1enVRGzEvLLVFeqa5kx2bWbtcSXgsxjQB7nRqqIGFIcLteF/sHeVtQg==",
      "os": ["linux"],
      "cpu": ["arm64"]
    },
    "@msgpackr-extract/msgpackr-extract-linux-arm@3.0.3": {
      "integrity": "sha512-fg0uy/dG/nZEXfYilKoRe7yALaNmHoYeIoJuJ7KJ+YyU2bvY8vPv27f7UKhGRpY6euFYqEVhxCFZgAUNQBM3nw==",
      "os": ["linux"],
      "cpu": ["arm"]
    },
    "@msgpackr-extract/msgpackr-extract-linux-x64@3.0.3": {
      "integrity": "sha512-cvwNfbP07pKUfq1uH+S6KJ7dT9K8WOE4ZiAcsrSes+UY55E/0jLYc+vq+DO7jlmqRb5zAggExKm0H7O/CBaesg==",
      "os": ["linux"],
      "cpu": ["x64"]
    },
    "@msgpackr-extract/msgpackr-extract-win32-x64@3.0.3": {
      "integrity": "sha512-x0fWaQtYp4E6sktbsdAqnehxDgEc/VwM7uLsRCYWaiGu0ykYdZPiS8zCWdnjHwyiumousxfBm4SO31eXqwEZhQ==",
      "os": ["win32"],
      "cpu": ["x64"]
    },
    "@scure/base@2.0.0": {
      "integrity": "sha512-3E1kpuZginKkek01ovG8krQ0Z44E3DHPjc5S2rjJw9lZn3KSQOs8S7wqikF/AH7iRanHypj85uGyxk0XAyC37w=="
    },
    "@standard-schema/spec@1.1.0": {
      "integrity": "sha512-l2aFy5jALhniG5HgqrD6jXLi/rUWrKvqN/qJx6yoJsgKhblVd+iqqU4RCXavm/jPityDo5TCvKMnpjKnOriy0w=="
    },
    "@subsquid/scale-codec@4.0.1": {
      "integrity": "sha512-H3mi5GIvlrvOSJVSYQRNnaiulSDktPF4TwUvquAgN86tN4kokyX8XcEM2Htrm1sVWRtMi7SgYpyVR5Yg5iPKUQ==",
      "dependencies": [
        "@subsquid/util-internal-hex",
        "@subsquid/util-internal-json"
      ]
    },
    "@subsquid/util-internal-hex@1.2.2": {
      "integrity": "sha512-E43HVqf23jP5hvtWF9GsiN8luANjnJ1daR2SVTwaIUAYU/uNjv1Bi6tHz2uexlflBhyxAgBDmHgunXZ45wQTIw=="
    },
    "@subsquid/util-internal-json@1.2.3": {
      "integrity": "sha512-H5qW5kG20IzVMpb7GhPbVRxGuACEf1DPIXE1+LNXYxt8t/GX4zQREQWHRvCB3lck+RORLJD3WJbQUtxN5UYB3Q==",
      "dependencies": [
        "@subsquid/util-internal-hex"
      ]
    },
    "@types/object-inspect@1.13.0": {
      "integrity": "sha512-lwGTVESDDV+XsQ1pH4UifpJ1f7OtXzQ6QBOX2Afq2bM/T3oOt8hF6exJMjjIjtEWeAN2YAo25J7HxWh97CCz9w=="
    },
    "detect-libc@2.1.2": {
      "integrity": "sha512-Btj2BOOO83o3WyH59e8MgXsxEQVcarkUOpEYrubB0urwnN10yQ364rsiByU11nZlqWYZm05i/of7io4mzihBtQ=="
    },
    "effect@3.21.0": {
      "integrity": "sha512-PPN80qRokCd1f015IANNhrwOnLO7GrrMQfk4/lnZRE/8j7UPWrNNjPV0uBrZutI/nHzernbW+J0hdqQysHiSnQ==",
      "dependencies": [
        "@standard-schema/spec",
        "fast-check"
      ]
    },
    "fast-check@3.23.2": {
      "integrity": "sha512-h5+1OzzfCC3Ef7VbtKdcv7zsstUQwUDlYpUTvjeUsJAssPgLn7QzbboPtL5ro04Mq0rPOsMzl7q5hIbRs2wD1A==",
      "dependencies": [
        "pure-rand"
      ]
    },
    "find-my-way-ts@0.1.6": {
      "integrity": "sha512-a85L9ZoXtNAey3Y6Z+eBWW658kO/MwR7zIafkIUPUMf3isZG0NCs2pjW2wtjxAKuJPxMAsHUIP4ZPGv0o5gyTA=="
    },
    "msgpackr-extract@3.0.3": {
      "integrity": "sha512-P0efT1C9jIdVRefqjzOQ9Xml57zpOXnIuS+csaB4MdZbTdmGDLo8XhzBG1N7aO11gKDDkJvBLULeFTo46wwreA==",
      "dependencies": [
        "node-gyp-build-optional-packages"
      ],
      "optionalDependencies": [
        "@msgpackr-extract/msgpackr-extract-darwin-arm64",
        "@msgpackr-extract/msgpackr-extract-darwin-x64",
        "@msgpackr-extract/msgpackr-extract-linux-arm",
        "@msgpackr-extract/msgpackr-extract-linux-arm64",
        "@msgpackr-extract/msgpackr-extract-linux-x64",
        "@msgpackr-extract/msgpackr-extract-win32-x64"
      ],
      "scripts": true,
      "bin": true
    },
    "msgpackr@1.11.9": {
      "integrity": "sha512-FkoAAyyA6HM8wL882EcEyFZ9s7hVADSwG9xrVx3dxxNQAtgADTrJoEWivID82Iv1zWDsv/OtbrrcZAzGzOMdNw==",
      "optionalDependencies": [
        "msgpackr-extract"
      ]
    },
    "multipasta@0.2.7": {
      "integrity": "sha512-KPA58d68KgGil15oDqXjkUBEBYc00XvbPj5/X+dyzeo/lWm9Nc25pQRlf1D+gv4OpK7NM0J1odrbu9JNNGvynA=="
    },
    "node-gyp-build-optional-packages@5.2.2": {
      "integrity": "sha512-s+w+rBWnpTMwSFbaE0UXsRlg7hU4FjekKU4eyAih5T8nJuNZT1nNsskXpxmeqSK9UzkBl6UgRlnKc8hz8IEqOw==",
      "dependencies": [
        "detect-libc"
      ],
      "bin": true
    },
    "object-inspect@1.13.4": {
      "integrity": "sha512-W67iLl4J2EXEGTbfeHCffrjDfitvLANg0UlX3wFUUSTx92KXRFegMHUVgSqE+wvhAbi4WqjGg9czysTV2Epbew=="
    },
    "pure-rand@6.1.0": {
      "integrity": "sha512-bVWawvoZoBYpp6yIoQtQXHZjmz35RSVHnUOTefl8Vcjr8snTPY1wnpSPMWekcFwbxI6gtmT7rSYPFvz71ldiOA=="
    },
    "rxjs@7.8.2": {
      "integrity": "sha512-dhKf903U/PQZY6boNNtAGdWbG85WAbjT/1xYoZIC7FAY0yWapOBQVsVrDl58W86//e1VpMNBtRV4MaXfdMySFA==",
      "dependencies": [
        "tslib"
      ]
    },
    "tslib@2.8.1": {
      "integrity": "sha512-oJFu94HQb+KVduSUQL7wnpmqnfmLsOA/nAh6b6EH0wCEoK0/mPeXU6c3wKDV83MkOuHPRHtSXKKU99IBazS/2w=="
    }
  },
  "workspace": {
    "dependencies": [
      "npm:@midnight-ntwrk/compact-runtime@0.15.0",
      "npm:@midnight-ntwrk/wallet-sdk-address-format@3.1.0"
    ]
  }
}
